<?xml version="1.0" encoding="utf-8"?>
<Project ToolsVersion="4.0" xmlns="http://schemas.microsoft.com/developer/msbuild/2003">
  <ItemGroup>
    <Filter Include="Source Files">
      <UniqueIdentifier>{4FC737F1-C7A5-4376-A066-2A32D752A2FF}</UniqueIdentifier>
      <Extensions>cpp;c;cc;cxx;c++;cppm;ixx;def;odl;idl;hpj;bat;asm;asmx</Extensions>
    </Filter>
    <Filter Include="Header Files">
      <UniqueIdentifier>{93995380-89BD-4b04-88EB-625FBE52EBFB}</UniqueIdentifier>
      <Extensions>h;hh;hpp;hxx;h++;hm;inl;inc;ipp;xsd</Extensions>
    </Filter>
    <Filter Include="Resource Files">
      <UniqueIdentifier>{67DA6AB6-F800-4c08-8B7A-83BB121AAD01}</UniqueIdentifier>
      <Extensions>rc;ico;cur;bmp;dlg;rc2;rct;bin;rgs;gif;jpg;jpeg;jpe;resx;tiff;tif;png;wav;mfcribbon-ms</Extensions>
    </Filter>
    <Filter Include="Source Files\Soldier">
      <UniqueIdentifier>{1d57dce8-80c8-42a0-bf1d-20555bf8d377}</UniqueIdentifier>
    </Filter>
    <Filter Include="Source Files\Weapon">
      <UniqueIdentifier>{15373569-cef7-4513-83ac-32c83bdf1309}</UniqueIdentifier>
    </Filter>
    <Filter Include="Source Files\View">
      <UniqueIdentifier>{47bce35a-06dd-4f93-8a65-a3e1f6f06e6d}</UniqueIdentifier>
    </Filter>
  </ItemGroup>
  <ItemGroup>
    <ClCompile Include="main.cpp">
      <Filter>Source Files</Filter>
    </ClCompile>
    <ClCompile Include="Soldier.cpp">
      <Filter>Source Files\Soldier</Filter>
    </ClCompile>
    <ClCompile Include="Pistol.cpp">
      <Filter>Source Files\Weapon</Filter>
    </ClCompile>
    <ClCompile Include="Shotgun.cpp">
      <Filter>Source Files\Weapon</Filter>
    </ClCompile>
    <ClCompile Include="Rifle.cpp">
      <Filter>Source Files\Weapon</Filter>
    </ClCompile>
    <ClCompile Include="MainMenu.cpp">
      <Filter>Source Files\View</Filter>
    </ClCompile>
    <ClCompile Include="WeaponFactory.cpp">
      <Filter>Source Files\Weapon</Filter>
    </ClCompile>
  </ItemGroup>
  <ItemGroup>
    <ClInclude Include="Soldier.h">
      <Filter>Source Files\Soldier</Filter>
    </ClInclude>
    <ClInclude Include="IWeapon.h">
      <Filter>Source Files\Weapon</Filter>
    </ClInclude>
    <ClInclude Include="Pistol.h">
      <Filter>Source Files\Weapon</Filter>
    </ClInclude>
    <ClInclude Include="Shotgun.h">
      <Filter>Source Files\Weapon</Filter>
    </ClInclude>
    <ClInclude Include="Rifle.h">
      <Filter>Source Files\Weapon</Filter>
    </ClInclude>
    <ClInclude Include="MainMenu.h">
      <Filter>Source Files\View</Filter>
    </ClInclude>
    <ClInclude Include="WeaponFactory.h">
      <Filter>Source Files\Weapon</Filter>
    </ClInclude>
  </ItemGroup>
</Project>